{
  "name": "@lenra/client",
  "version": "0.0.0",
  "lockfileVersion": 3,
  "requires": true,
  "packages": {
    "": {
      "name": "@lenra/client",
      "version": "0.0.0",
      "license": "MIT",
      "dependencies": {
        "@badgateway/oauth2-client": "^2.2.3",
        "fast-json-patch": "^3.1.1",
        "phoenix": "^1.7.7"
      },
      "devDependencies": {
        "@types/fast-json-patch": "^1.1.5",
        "@types/phoenix": "^1.6.1",
        "typescript": "^5.2.2"
      }
    },
    "node_modules/@badgateway/oauth2-client": {
      "version": "2.2.4",
      "resolved": "https://registry.npmjs.org/@badgateway/oauth2-client/-/oauth2-client-2.2.4.tgz",
      "integrity": "sha512-R9MJWnf9gT5a38hNmAN4CFBB9yshvEVNYPb9iPgX7JIUAaqHjl3csivDcJESH3riRJMFVOEOqV4BsjamyYbsBg==",
      "engines": {
        "node": ">= 14"
      }
    },
    "node_modules/@types/fast-json-patch": {
      "version": "1.1.5",
      "resolved": "https://registry.npmjs.org/@types/fast-json-patch/-/fast-json-patch-1.1.5.tgz",
      "integrity": "sha512-wcMCCNg1E0Fg2TOwFPccCaIeypSRPFwluO5T6gxcuJMRPomO3tIClf8pgpxqxjuDEjIs35d77wCAcmo6iWyW1w==",
      "deprecated": "This is a stub types definition for JSON-Patch (https://github.com/Starcounter-Jack/JSON-Patch). JSON-Patch provides its own type definitions, so you don't need @types/fast-json-patch installed!",
      "dev": true,
      "dependencies": {
        "fast-json-patch": "*"
      }
    },
    "node_modules/@types/phoenix": {
      "version": "1.6.3",
      "resolved": "https://registry.npmjs.org/@types/phoenix/-/phoenix-1.6.3.tgz",
      "integrity": "sha512-D8TtchWVnU2ZdPVDY6tBJuz8MUDmCNVduilZTrf0Gn/u5I/uZEXOsaL4Gs4F0j43cysHsU/4h7eqAKc+SF2boQ==",
      "dev": true
    },
    "node_modules/fast-json-patch": {
      "version": "3.1.1",
      "resolved": "https://registry.npmjs.org/fast-json-patch/-/fast-json-patch-3.1.1.tgz",
      "integrity": "sha512-vf6IHUX2SBcA+5/+4883dsIjpBTqmfBjmYiWK1savxQmFk4JfBMLa7ynTYOs1Rolp/T1betJxHiGD3g1Mn8lUQ=="
    },
    "node_modules/phoenix": {
      "version": "1.7.9",
      "resolved": "https://registry.npmjs.org/phoenix/-/phoenix-1.7.9.tgz",
      "integrity": "sha512-oHBka/WCKVtFHNCCqnVDxiSHQZ0vvV0pU1I4oBmm68rNvGH3lVjdNGLRhK0+c3zcfsrqgpRS2p+Et6N4QAd2LQ=="
    },
    "node_modules/typescript": {
      "version": "5.3.3",
      "resolved": "https://registry.npmjs.org/typescript/-/typescript-5.3.3.tgz",
      "integrity": "sha512-pXWcraxM0uxAS+tN0AG/BF2TyqmHO014Z070UsJ+pFvYuRSq8KH8DmWpnbXe0pEPDHXZV3FcAbJkijJ5oNEnWw==",
      "dev": true,
      "bin": {
        "tsc": "bin/tsc",
        "tsserver": "bin/tsserver"
      },
      "engines": {
        "node": ">=14.17"
      }
    }
  }
}
